
Microsoft Visual Studio Solution File, Format Version 12.00
# Visual Studio Version 16
VisualStudioVersion = 16.0.29424.173
MinimumVisualStudioVersion = 10.0.40219.1
Project("{8BC9CEB8-8B4A-11D0-8D11-00A0C91BC942}") = "ConsoleApplication1", "ConsoleApplication1\ConsoleApplication1.vcxproj", "{6DC0B303-B0B1-42B9-92AF-8449295331DC}"
EndProject
Global
	GlobalSection(SolutionConfigurationPlatforms) = preSolution
		Debug|x64 = Debug|x64
		Debug|x86 = Debug|x86
		Release|x64 = Release|x64
		Release|x86 = Release|x86
	EndGlobalSection
	GlobalSection(ProjectConfigurationPlatforms) = postSolution
		{6DC0B303-B0B1-42B9-92AF-8449295331DC}.Debug|x64.ActiveCfg = Debug|x64
		{6DC0B303-B0B1-42B9-92AF-8449295331DC}.Debug|x64.Build.0 = Debug|x64
		{6DC0B303-B0B1-42B9-92AF-8449295331DC}.Debug|x86.ActiveCfg = Debug|Win32
		{6DC0B303-B0B1-42B9-92AF-8449295331DC}.Debug|x86.Build.0 = Debug|Win32
		{6DC0B303-B0B1-42B9-92AF-8449295331DC}.Release|x64.ActiveCfg = Release|x64
		{6DC0B303-B0B1-42B9-92AF-8449295331DC}.Release|x64.Build.0 = Release|x64
		{6DC0B303-B0B1-42B9-92AF-8449295331DC}.Release|x86.ActiveCfg = Release|Win32
		{6DC0B303-B0B1-42B9-92AF-8449295331DC}.Release|x86.Build.0 = Release|Win32
	EndGlobalSection
	GlobalSection(SolutionProperties) = preSolution
		HideSolutionNode = FALSE
	EndGlobalSection
	GlobalSection(ExtensibilityGlobals) = postSolution
		SolutionGuid = {66A426A1-C3A3-45BE-9CA0-F801FEA2179C}
	EndGlobalSection
EndGlobal
